// !$*UTF8*$!
{
	archiveVersion = 1;
	classes = {
	};
	objectVersion = 50;
	objects = {

/* Begin PBXBuildFile section */
		665EBCF523627154007187E3 /* AppDelegate.swift in Sources */ = {isa = PBXBuildFile; fileRef = 665EBCF423627154007187E3 /* AppDelegate.swift */; };
		665EBCF723627154007187E3 /* SceneDelegate.swift in Sources */ = {isa = PBXBuildFile; fileRef = 665EBCF623627154007187E3 /* SceneDelegate.swift */; };
		665EBCF923627154007187E3 /* ViewController.swift in Sources */ = {isa = PBXBuildFile; fileRef = 665EBCF823627154007187E3 /* ViewController.swift */; };
		665EBCFC23627154007187E3 /* Main.storyboard in Resources */ = {isa = PBXBuildFile; fileRef = 665EBCFA23627154007187E3 /* Main.storyboard */; };
		665EBCFE23627156007187E3 /* Assets.xcassets in Resources */ = {isa = PBXBuildFile; fileRef = 665EBCFD23627156007187E3 /* Assets.xcassets */; };
		665EBD0123627156007187E3 /* LaunchScreen.storyboard in Resources */ = {isa = PBXBuildFile; fileRef = 665EBCFF23627156007187E3 /* LaunchScreen.storyboard */; };
		665EBD09236273F3007187E3 /* DetailedVC.swift in Sources */ = {isa = PBXBuildFile; fileRef = 665EBD08236273F3007187E3 /* DetailedVC.swift */; };
		66EE96BF23633EEB005E6F63 /* Simpson.swift in Sources */ = {isa = PBXBuildFile; fileRef = 66EE96BE23633EEB005E6F63 /* Simpson.swift */; };
/* End PBXBuildFile section */

/* Begin PBXFileReference section */
		665EBCF123627154007187E3 /* SimpsonBookDesign.app */ = {isa = PBXFileReference; explicitFileType = wrapper.application; includeInIndex = 0; path = SimpsonBookDesign.app; sourceTree = BUILT_PRODUCTS_DIR; };
		665EBCF423627154007187E3 /* AppDelegate.swift */ = {isa = PBXFileReference; lastKnownFileType = sourcecode.swift; path = AppDelegate.swift; sourceTree = "<group>"; };
		665EBCF623627154007187E3 /* SceneDelegate.swift */ = {isa = PBXFileReference; lastKnownFileType = sourcecode.swift; path = SceneDelegate.swift; sourceTree = "<group>"; };
		665EBCF823627154007187E3 /* ViewController.swift */ = {isa = PBXFileReference; lastKnownFileType = sourcecode.swift; path = ViewController.swift; sourceTree = "<group>"; };
		665EBCFB23627154007187E3 /* Base */ = {isa = PBXFileReference; lastKnownFileType = file.storyboard; name = Base; path = Base.lproj/Main.storyboard; sourceTree = "<group>"; };
		665EBCFD23627156007187E3 /* Assets.xcassets */ = {isa = PBXFileReference; lastKnownFileType = folder.assetcatalog; path = Assets.xcassets; sourceTree = "<group>"; };
		665EBD0023627156007187E3 /* Base */ = {isa = PBXFileReference; lastKnownFileType = file.storyboard; name = Base; path = Base.lproj/LaunchScreen.storyboard; sourceTree = "<group>"; };
		665EBD0223627156007187E3 /* Info.plist */ = {isa = PBXFileReference; lastKnownFileType = text.plist.xml; path = Info.plist; sourceTree = "<group>"; };
		665EBD08236273F3007187E3 /* DetailedVC.swift */ = {isa = PBXFileReference; lastKnownFileType = sourcecode.swift; path = DetailedVC.swift; sourceTree = "<group>"; };
		66EE96BE23633EEB005E6F63 /* Simpson.swift */ = {isa = PBXFileReference; lastKnownFileType = sourcecode.swift; path = Simpson.swift; sourceTree = "<group>"; };
/* End PBXFileReference section */

/* Begin PBXFrameworksBuildPhase section */
		665EBCEE23627154007187E3 /* Frameworks */ = {
			isa = PBXFrameworksBuildPhase;
			buildActionMask = 2147483647;
			files = (
			);
			runOnlyForDeploymentPostprocessing = 0;
		};
/* End PBXFrameworksBuildPhase section */

/* Begin PBXGroup section */
		665EBCE823627154007187E3 = {
			isa = PBXGroup;
			children = (
				665EBCF323627154007187E3 /* SimpsonBookDesign */,
				665EBCF223627154007187E3 /* Products */,
			);
			sourceTree = "<group>";
		};
		665EBCF223627154007187E3 /* Products */ = {
			isa = PBXGroup;
			children = (
				665EBCF123627154007187E3 /* SimpsonBookDesign.app */,
			);
			name = Products;
			sourceTree = "<group>";
		};
		665EBCF323627154007187E3 /* SimpsonBookDesign */ = {
			isa = PBXGroup;
			children = (
				665EBCF423627154007187E3 /* AppDelegate.swift */,
				665EBCF623627154007187E3 /* SceneDelegate.swift */,
				665EBCF823627154007187E3 /* ViewController.swift */,
				665EBD08236273F3007187E3 /* DetailedVC.swift */,
				665EBCFA23627154007187E3 /* Main.storyboard */,
				66EE96BE23633EEB005E6F63 /* Simpson.swift */,
				665EBCFD23627156007187E3 /* Assets.xcassets */,
				665EBCFF23627156007187E3 /* LaunchScreen.storyboard */,
				665EBD0223627156007187E3 /* Info.plist */,
			);
			path = SimpsonBookDesign;
			sourceTree = "<group>";
		};
/* End PBXGroup section */

/* Begin PBXNativeTarget section */
		665EBCF023627154007187E3 /* SimpsonBookDesign */ = {
			isa = PBXNativeTarget;
			buildConfigurationList = 665EBD0523627156007187E3 /* Build configuration list for PBXNativeTarget "SimpsonBookDesign" */;
			buildPhases = (
				665EBCED23627154007187E3 /* Sources */,
				665EBCEE23627154007187E3 /* Frameworks */,
				665EBCEF23627154007187E3 /* Resources */,
			);
			buildRules = (
			);
			dependencies = (
			);
			name = SimpsonBookDesign;
			productName = SimpsonBookDesign;
			productReference = 665EBCF123627154007187E3 /* SimpsonBookDesign.app */;
			productType = "com.apple.product-type.application";
		};
/* End PBXNativeTarget section */

/* Begin PBXProject section */
		665EBCE923627154007187E3 /* Project object */ = {
			isa = PBXProject;
			attributes = {
				LastSwiftUpdateCheck = 1100;
				LastUpgradeCheck = 1100;
				ORGANIZATIONNAME = "Ashesh Singh";
				TargetAttributes = {
					665EBCF023627154007187E3 = {
						CreatedOnToolsVersion = 11.0;
					};
				};
			};
			buildConfigurationList = 665EBCEC23627154007187E3 /* Build configuration list for PBXProject "SimpsonBookDesign" */;
			compatibilityVersion = "Xcode 9.3";
			developmentRegion = en;
			hasScannedForEncodings = 0;
			knownRegions = (
				en,
				Base,
			);
			mainGroup = 665EBCE823627154007187E3;
			productRefGroup = 665EBCF223627154007187E3 /* Products */;
			projectDirPath = "";
			projectRoot = "";
			targets = (
				665EBCF023627154007187E3 /* SimpsonBookDesign */,
			);
		};
/* End PBXProject section */

/* Begin PBXResourcesBuildPhase section */
		665EBCEF23627154007187E3 /* Resources */ = {
			isa = PBXResourcesBuildPhase;
			buildActionMask = 2147483647;
			files = (
				665EBD0123627156007187E3 /* LaunchScreen.storyboard in Resources */,
				665EBCFE23627156007187E3 /* Assets.xcassets in Resources */,
				665EBCFC23627154007187E3 /* Main.storyboard in Resources */,
			);
			runOnlyForDeploymentPostprocessing = 0;
		};
/* End PBXResourcesBuildPhase section */

/* Begin PBXSourcesBuildPhase section */
		665EBCED23627154007187E3 /* Sources */ = {
			isa = PBXSourcesBuildPhase;
			buildActionMask = 2147483647;
			files = (
				665EBD09236273F3007187E3 /* DetailedVC.swift in Sources */,
				665EBCF923627154007187E3 /* ViewController.swift in Sources */,
				665EBCF523627154007187E3 /* AppDelegate.swift in Sources */,
				665EBCF723627154007187E3 /* SceneDelegate.swift in Sources */,
				66EE96BF23633EEB005E6F63 /* Simpson.swift in Sources */,
			);
			runOnlyForDeploymentPostprocessing = 0;
		};
/* End PBXSourcesBuildPhase section */

/* Begin PBXVariantGroup section */
		665EBCFA23627154007187E3 /* Main.storyboard */ = {
			isa = PBXVariantGroup;
			children = (
				665EBCFB23627154007187E3 /* Base */,
			);
			name = Main.storyboard;
			sourceTree = "<group>";
		};
		665EBCFF23627156007187E3 /* LaunchScreen.storyboard */ = {
			isa = PBXVariantGroup;
			children = (
				665EBD0023627156007187E3 /* Base */,
			);
			name = LaunchScreen.storyboard;
			sourceTree = "<group>";
		};
/* End PBXVariantGroup section */

/* Begin XCBuildConfiguration section */
		665EBD0323627156007187E3 /* Debug */ = {
			isa = XCBuildConfiguration;
			buildSettings = {
				ALWAYS_SEARCH_USER_PATHS = NO;
				CLANG_ANALYZER_NONNULL = YES;
				CLANG_ANALYZER_NUMBER_OBJECT_CONVERSION = YES_AGGRESSIVE;
				CLANG_CXX_LANGUAGE_STANDARD = "gnu++14";
				CLANG_CXX_LIBRARY = "libc++";
				CLANG_ENABLE_MODULES = YES;
				CLANG_ENABLE_OBJC_ARC = YES;
				CLANG_ENABLE_OBJC_WEAK = YES;
				CLANG_WARN_BLOCK_CAPTURE_AUTORELEASING = YES;
				CLANG_WARN_BOOL_CONVERSION = YES;
				CLANG_WARN_COMMA = YES;
				CLANG_WARN_CONSTANT_CONVERSION = YES;
				CLANG_WARN_DEPRECATED_OBJC_IMPLEMENTATIONS = YES;
				CLANG_WARN_DIRECT_OBJC_ISA_USAGE = YES_ERROR;
				CLANG_WARN_DOCUMENTATION_COMMENTS = YES;
				CLANG_WARN_EMPTY_BODY = YES;
				CLANG_WARN_ENUM_CONVERSION = YES;
				CLANG_WARN_INFINITE_RECURSION = YES;
				CLANG_WARN_INT_CONVERSION = YES;
				CLANG_WARN_NON_LITERAL_NULL_CONVERSION = YES;
				CLANG_WARN_OBJC_IMPLICIT_RETAIN_SELF = YES;
				CLANG_WARN_OBJC_LITERAL_CONVERSION = YES;
				CLANG_WARN_OBJC_ROOT_CLASS = YES_ERROR;
				CLANG_WARN_RANGE_LOOP_ANALYSIS = YES;
				CLANG_WARN_STRICT_PROTOTYPES = YES;
				CLANG_WARN_SUSPICIOUS_MOVE = YES;
				CLANG_WARN_UNGUARDED_AVAILABILITY = YES_AGGRESSIVE;
				CLANG_WARN_UNREACHABLE_CODE = YES;
				CLANG_WARN__DUPLICATE_METHOD_MATCH = YES;
				COPY_PHASE_STRIP = NO;
				DEBUG_INFORMATION_FORMAT = dwarf;
				ENABLE_STRICT_OBJC_MSGSEND = YES;
				ENABLE_TESTABILITY = YES;
				GCC_C_LANGUAGE_STANDARD = gnu11;
				GCC_DYNAMIC_NO_PIC = NO;
				GCC_NO_COMMON_BLOCKS = YES;
				GCC_OPTIMIZATION_LEVEL = 0;
				GCC_PREPROCESSOR_DEFINITIONS = (
					"DEBUG=1",
					"$(inherited)",
				);
				GCC_WARN_64_TO_32_BIT_CONVERSION = YES;
				GCC_WARN_ABOUT_RETURN_TYPE = YES_ERROR;
				GCC_WARN_UNDECLARED_SELECTOR = YES;
				GCC_WARN_UNINITIALIZED_AUTOS = YES_AGGRESSIVE;
				GCC_WARN_UNUSED_FUNCTION = YES;
				GCC_WARN_UNUSED_VARIABLE = YES;
				IPHONEOS_DEPLOYMENT_TARGET = 13.0;
				MTL_ENABLE_DEBUG_INFO = INCLUDE_SOURCE;
				MTL_FAST_MATH = YES;
				ONLY_ACTIVE_ARCH = YES;
				SDKROOT = iphoneos;
				SWIFT_ACTIVE_COMPILATION_CONDITIONS = DEBUG;
				SWIFT_OPTIMIZATION_LEVEL = "-Onone";
			};
			name = Debug;
		};
		665EBD0423627156007187E3 /* Release */ = {
			isa = XCBuildConfiguration;
			buildSettings = {
				ALWAYS_SEARCH_USER_PATHS = NO;
				CLANG_ANALYZER_NONNULL = YES;
				CLANG_ANALYZER_NUMBER_OBJECT_CONVERSION = YES_AGGRESSIVE;
				CLANG_CXX_LANGUAGE_STANDARD = "gnu++14";
				CLANG_CXX_LIBRARY = "libc++";
				CLANG_ENABLE_MODULES = YES;
				CLANG_ENABLE_OBJC_ARC = YES;
				CLANG_ENABLE_OBJC_WEAK = YES;
				CLANG_WARN_BLOCK_CAPTURE_AUTORELEASING = YES;
				CLANG_WARN_BOOL_CONVERSION = YES;
				CLANG_WARN_COMMA = YES;
				CLANG_WARN_CONSTANT_CONVERSION = YES;
				CLANG_WARN_DEPRECATED_OBJC_IMPLEMENTATIONS = YES;
				CLANG_WARN_DIRECT_OBJC_ISA_USAGE = YES_ERROR;
				CLANG_WARN_DOCUMENTATION_COMMENTS = YES;
				CLANG_WARN_EMPTY_BODY = YES;
				CLANG_WARN_ENUM_CONVERSION = YES;
				CLANG_WARN_INFINITE_RECURSION = YES;
				CLANG_WARN_INT_CONVERSION = YES;
				CLANG_WARN_NON_LITERAL_NULL_CONVERSION = YES;
				CLANG_WARN_OBJC_IMPLICIT_RETAIN_SELF = YES;
				CLANG_WARN_OBJC_LITERAL_CONVERSION = YES;
				CLANG_WARN_OBJC_ROOT_CLASS = YES_ERROR;
				CLANG_WARN_RANGE_LOOP_ANALYSIS = YES;
				CLANG_WARN_STRICT_PROTOTYPES = YES;
				CLANG_WARN_SUSPICIOUS_MOVE = YES;
				CLANG_WARN_UNGUARDED_AVAILABILITY = YES_AGGRESSIVE;
				CLANG_WARN_UNREACHABLE_CODE = YES;
				CLANG_WARN__DUPLICATE_METHOD_MATCH = YES;
				COPY_PHASE_STRIP = NO;
				DEBUG_INFORMATION_FORMAT = "dwarf-with-dsym";
				ENABLE_NS_ASSERTIONS = NO;
				ENABLE_STRICT_OBJC_MSGSEND = YES;
				GCC_C_LANGUAGE_STANDARD = gnu11;
				GCC_NO_COMMON_BLOCKS = YES;
				GCC_WARN_64_TO_32_BIT_CONVERSION = YES;
				GCC_WARN_ABOUT_RETURN_TYPE = YES_ERROR;
				GCC_WARN_UNDECLARED_SELECTOR = YES;
				GCC_WARN_UNINITIALIZED_AUTOS = YES_AGGRESSIVE;
				GCC_WARN_UNUSED_FUNCTION = YES;
				GCC_WARN_UNUSED_VARIABLE = YES;
				IPHONEOS_DEPLOYMENT_TARGET = 13.0;
				MTL_ENABLE_DEBUG_INFO = NO;
				MTL_FAST_MATH = YES;
				SDKROOT = iphoneos;
				SWIFT_COMPILATION_MODE = wholemodule;
				SWIFT_OPTIMIZATION_LEVEL = "-O";
				VALIDATE_PRODUCT = YES;
			};
			name = Release;
		};
		665EBD0623627156007187E3 /* Debug */ = {
			isa = XCBuildConfiguration;
			buildSettings = {
				ASSETCATALOG_COMPILER_APPICON_NAME = AppIcon;
				CODE_SIGN_STYLE = Automatic;
				INFOPLIST_FILE = SimpsonBookDesign/Info.plist;
				LD_RUNPATH_SEARCH_PATHS = (
					"$(inherited)",
					"@executable_path/Frameworks",
				);
				PRODUCT_BUNDLE_IDENTIFIER = com.singh.ashesh.SimpsonBookDesign;
				PRODUCT_NAME = "$(TARGET_NAME)";
				SWIFT_VERSION = 5.0;
				TARGETED_DEVICE_FAMILY = "1,2";
			};
			name = Debug;
		};
		665EBD0723627156007187E3 /* Release */ = {
			isa = XCBuildConfiguration;
			buildSettings = {
				ASSETCATALOG_COMPILER_APPICON_NAME = AppIcon;
				CODE_SIGN_STYLE = Automatic;
				INFOPLIST_FILE = SimpsonBookDesign/Info.plist;
				LD_RUNPATH_SEARCH_PATHS = (
					"$(inherited)",
					"@executable_path/Frameworks",
				);
				PRODUCT_BUNDLE_IDENTIFIER = com.singh.ashesh.SimpsonBookDesign;
				PRODUCT_NAME = "$(TARGET_NAME)";
				SWIFT_VERSION = 5.0;
				TARGETED_DEVICE_FAMILY = "1,2";
			};
			name = Release;
		};
/* End XCBuildConfiguration section */

/* Begin XCConfigurationList section */
		665EBCEC23627154007187E3 /* Build configuration list for PBXProject "SimpsonBookDesign" */ = {
			isa = XCConfigurationList;
			buildConfigurations = (
				665EBD0323627156007187E3 /* Debug */,
				665EBD0423627156007187E3 /* Release */,
			);
			defaultConfigurationIsVisible = 0;
			defaultConfigurationName = Release;
		};
		665EBD0523627156007187E3 /* Build configuration list for PBXNativeTarget "SimpsonBookDesign" */ = {
			isa = XCConfigurationList;
			buildConfigurations = (
				665EBD0623627156007187E3 /* Debug */,
				665EBD0723627156007187E3 /* Release */,
			);
			defaultConfigurationIsVisible = 0;
			defaultConfigurationName = Release;
		};
/* End XCConfigurationList section */
	};
	rootObject = 665EBCE923627154007187E3 /* Project object */;
}
