// !$*UTF8*$!
{
	archiveVersion = 1;
	classes = {
	};
	objectVersion = 50;
	objects = {

/* Begin PBXBuildFile section */
		666944DA2330A4FB00B1C62F /* AppDelegate.swift in Sources */ = {isa = PBXBuildFile; fileRef = 666944D92330A4FB00B1C62F /* AppDelegate.swift */; };
		666944DC2330A4FB00B1C62F /* SceneDelegate.swift in Sources */ = {isa = PBXBuildFile; fileRef = 666944DB2330A4FB00B1C62F /* SceneDelegate.swift */; };
		666944DE2330A4FB00B1C62F /* ViewController.swift in Sources */ = {isa = PBXBuildFile; fileRef = 666944DD2330A4FB00B1C62F /* ViewController.swift */; };
		666944E12330A4FB00B1C62F /* Main.storyboard in Resources */ = {isa = PBXBuildFile; fileRef = 666944DF2330A4FB00B1C62F /* Main.storyboard */; };
		666944E32330A4FC00B1C62F /* Assets.xcassets in Resources */ = {isa = PBXBuildFile; fileRef = 666944E22330A4FC00B1C62F /* Assets.xcassets */; };
		666944E62330A4FC00B1C62F /* LaunchScreen.storyboard in Resources */ = {isa = PBXBuildFile; fileRef = 666944E42330A4FC00B1C62F /* LaunchScreen.storyboard */; };
/* End PBXBuildFile section */

/* Begin PBXFileReference section */
		666944D62330A4FB00B1C62F /* WorstCalculatorEver.app */ = {isa = PBXFileReference; explicitFileType = wrapper.application; includeInIndex = 0; path = WorstCalculatorEver.app; sourceTree = BUILT_PRODUCTS_DIR; };
		666944D92330A4FB00B1C62F /* AppDelegate.swift */ = {isa = PBXFileReference; lastKnownFileType = sourcecode.swift; path = AppDelegate.swift; sourceTree = "<group>"; };
		666944DB2330A4FB00B1C62F /* SceneDelegate.swift */ = {isa = PBXFileReference; lastKnownFileType = sourcecode.swift; path = SceneDelegate.swift; sourceTree = "<group>"; };
		666944DD2330A4FB00B1C62F /* ViewController.swift */ = {isa = PBXFileReference; lastKnownFileType = sourcecode.swift; path = ViewController.swift; sourceTree = "<group>"; };
		666944E02330A4FB00B1C62F /* Base */ = {isa = PBXFileReference; lastKnownFileType = file.storyboard; name = Base; path = Base.lproj/Main.storyboard; sourceTree = "<group>"; };
		666944E22330A4FC00B1C62F /* Assets.xcassets */ = {isa = PBXFileReference; lastKnownFileType = folder.assetcatalog; path = Assets.xcassets; sourceTree = "<group>"; };
		666944E52330A4FC00B1C62F /* Base */ = {isa = PBXFileReference; lastKnownFileType = file.storyboard; name = Base; path = Base.lproj/LaunchScreen.storyboard; sourceTree = "<group>"; };
		666944E72330A4FC00B1C62F /* Info.plist */ = {isa = PBXFileReference; lastKnownFileType = text.plist.xml; path = Info.plist; sourceTree = "<group>"; };
/* End PBXFileReference section */

/* Begin PBXFrameworksBuildPhase section */
		666944D32330A4FB00B1C62F /* Frameworks */ = {
			isa = PBXFrameworksBuildPhase;
			buildActionMask = 2147483647;
			files = (
			);
			runOnlyForDeploymentPostprocessing = 0;
		};
/* End PBXFrameworksBuildPhase section */

/* Begin PBXGroup section */
		666944CD2330A4FB00B1C62F = {
			isa = PBXGroup;
			children = (
				666944D82330A4FB00B1C62F /* WorstCalculatorEver */,
				666944D72330A4FB00B1C62F /* Products */,
			);
			sourceTree = "<group>";
		};
		666944D72330A4FB00B1C62F /* Products */ = {
			isa = PBXGroup;
			children = (
				666944D62330A4FB00B1C62F /* WorstCalculatorEver.app */,
			);
			name = Products;
			sourceTree = "<group>";
		};
		666944D82330A4FB00B1C62F /* WorstCalculatorEver */ = {
			isa = PBXGroup;
			children = (
				666944D92330A4FB00B1C62F /* AppDelegate.swift */,
				666944DB2330A4FB00B1C62F /* SceneDelegate.swift */,
				666944DD2330A4FB00B1C62F /* ViewController.swift */,
				666944DF2330A4FB00B1C62F /* Main.storyboard */,
				666944E22330A4FC00B1C62F /* Assets.xcassets */,
				666944E42330A4FC00B1C62F /* LaunchScreen.storyboard */,
				666944E72330A4FC00B1C62F /* Info.plist */,
			);
			path = WorstCalculatorEver;
			sourceTree = "<group>";
		};
/* End PBXGroup section */

/* Begin PBXNativeTarget section */
		666944D52330A4FB00B1C62F /* WorstCalculatorEver */ = {
			isa = PBXNativeTarget;
			buildConfigurationList = 666944EA2330A4FC00B1C62F /* Build configuration list for PBXNativeTarget "WorstCalculatorEver" */;
			buildPhases = (
				666944D22330A4FB00B1C62F /* Sources */,
				666944D32330A4FB00B1C62F /* Frameworks */,
				666944D42330A4FB00B1C62F /* Resources */,
			);
			buildRules = (
			);
			dependencies = (
			);
			name = WorstCalculatorEver;
			productName = WorstCalculatorEver;
			productReference = 666944D62330A4FB00B1C62F /* WorstCalculatorEver.app */;
			productType = "com.apple.product-type.application";
		};
/* End PBXNativeTarget section */

/* Begin PBXProject section */
		666944CE2330A4FB00B1C62F /* Project object */ = {
			isa = PBXProject;
			attributes = {
				LastSwiftUpdateCheck = 1100;
				LastUpgradeCheck = 1100;
				ORGANIZATIONNAME = "Ashesh Singh";
				TargetAttributes = {
					666944D52330A4FB00B1C62F = {
						CreatedOnToolsVersion = 11.0;
					};
				};
			};
			buildConfigurationList = 666944D12330A4FB00B1C62F /* Build configuration list for PBXProject "WorstCalculatorEver" */;
			compatibilityVersion = "Xcode 9.3";
			developmentRegion = en;
			hasScannedForEncodings = 0;
			knownRegions = (
				en,
				Base,
			);
			mainGroup = 666944CD2330A4FB00B1C62F;
			productRefGroup = 666944D72330A4FB00B1C62F /* Products */;
			projectDirPath = "";
			projectRoot = "";
			targets = (
				666944D52330A4FB00B1C62F /* WorstCalculatorEver */,
			);
		};
/* End PBXProject section */

/* Begin PBXResourcesBuildPhase section */
		666944D42330A4FB00B1C62F /* Resources */ = {
			isa = PBXResourcesBuildPhase;
			buildActionMask = 2147483647;
			files = (
				666944E62330A4FC00B1C62F /* LaunchScreen.storyboard in Resources */,
				666944E32330A4FC00B1C62F /* Assets.xcassets in Resources */,
				666944E12330A4FB00B1C62F /* Main.storyboard in Resources */,
			);
			runOnlyForDeploymentPostprocessing = 0;
		};
/* End PBXResourcesBuildPhase section */

/* Begin PBXSourcesBuildPhase section */
		666944D22330A4FB00B1C62F /* Sources */ = {
			isa = PBXSourcesBuildPhase;
			buildActionMask = 2147483647;
			files = (
				666944DE2330A4FB00B1C62F /* ViewController.swift in Sources */,
				666944DA2330A4FB00B1C62F /* AppDelegate.swift in Sources */,
				666944DC2330A4FB00B1C62F /* SceneDelegate.swift in Sources */,
			);
			runOnlyForDeploymentPostprocessing = 0;
		};
/* End PBXSourcesBuildPhase section */

/* Begin PBXVariantGroup section */
		666944DF2330A4FB00B1C62F /* Main.storyboard */ = {
			isa = PBXVariantGroup;
			children = (
				666944E02330A4FB00B1C62F /* Base */,
			);
			name = Main.storyboard;
			sourceTree = "<group>";
		};
		666944E42330A4FC00B1C62F /* LaunchScreen.storyboard */ = {
			isa = PBXVariantGroup;
			children = (
				666944E52330A4FC00B1C62F /* Base */,
			);
			name = LaunchScreen.storyboard;
			sourceTree = "<group>";
		};
/* End PBXVariantGroup section */

/* Begin XCBuildConfiguration section */
		666944E82330A4FC00B1C62F /* Debug */ = {
			isa = XCBuildConfiguration;
			buildSettings = {
				ALWAYS_SEARCH_USER_PATHS = NO;
				CLANG_ANALYZER_NONNULL = YES;
				CLANG_ANALYZER_NUMBER_OBJECT_CONVERSION = YES_AGGRESSIVE;
				CLANG_CXX_LANGUAGE_STANDARD = "gnu++14";
				CLANG_CXX_LIBRARY = "libc++";
				CLANG_ENABLE_MODULES = YES;
				CLANG_ENABLE_OBJC_ARC = YES;
				CLANG_ENABLE_OBJC_WEAK = YES;
				CLANG_WARN_BLOCK_CAPTURE_AUTORELEASING = YES;
				CLANG_WARN_BOOL_CONVERSION = YES;
				CLANG_WARN_COMMA = YES;
				CLANG_WARN_CONSTANT_CONVERSION = YES;
				CLANG_WARN_DEPRECATED_OBJC_IMPLEMENTATIONS = YES;
				CLANG_WARN_DIRECT_OBJC_ISA_USAGE = YES_ERROR;
				CLANG_WARN_DOCUMENTATION_COMMENTS = YES;
				CLANG_WARN_EMPTY_BODY = YES;
				CLANG_WARN_ENUM_CONVERSION = YES;
				CLANG_WARN_INFINITE_RECURSION = YES;
				CLANG_WARN_INT_CONVERSION = YES;
				CLANG_WARN_NON_LITERAL_NULL_CONVERSION = YES;
				CLANG_WARN_OBJC_IMPLICIT_RETAIN_SELF = YES;
				CLANG_WARN_OBJC_LITERAL_CONVERSION = YES;
				CLANG_WARN_OBJC_ROOT_CLASS = YES_ERROR;
				CLANG_WARN_RANGE_LOOP_ANALYSIS = YES;
				CLANG_WARN_STRICT_PROTOTYPES = YES;
				CLANG_WARN_SUSPICIOUS_MOVE = YES;
				CLANG_WARN_UNGUARDED_AVAILABILITY = YES_AGGRESSIVE;
				CLANG_WARN_UNREACHABLE_CODE = YES;
				CLANG_WARN__DUPLICATE_METHOD_MATCH = YES;
				COPY_PHASE_STRIP = NO;
				DEBUG_INFORMATION_FORMAT = dwarf;
				ENABLE_STRICT_OBJC_MSGSEND = YES;
				ENABLE_TESTABILITY = YES;
				GCC_C_LANGUAGE_STANDARD = gnu11;
				GCC_DYNAMIC_NO_PIC = NO;
				GCC_NO_COMMON_BLOCKS = YES;
				GCC_OPTIMIZATION_LEVEL = 0;
				GCC_PREPROCESSOR_DEFINITIONS = (
					"DEBUG=1",
					"$(inherited)",
				);
				GCC_WARN_64_TO_32_BIT_CONVERSION = YES;
				GCC_WARN_ABOUT_RETURN_TYPE = YES_ERROR;
				GCC_WARN_UNDECLARED_SELECTOR = YES;
				GCC_WARN_UNINITIALIZED_AUTOS = YES_AGGRESSIVE;
				GCC_WARN_UNUSED_FUNCTION = YES;
				GCC_WARN_UNUSED_VARIABLE = YES;
				IPHONEOS_DEPLOYMENT_TARGET = 13.0;
				MTL_ENABLE_DEBUG_INFO = INCLUDE_SOURCE;
				MTL_FAST_MATH = YES;
				ONLY_ACTIVE_ARCH = YES;
				SDKROOT = iphoneos;
				SWIFT_ACTIVE_COMPILATION_CONDITIONS = DEBUG;
				SWIFT_OPTIMIZATION_LEVEL = "-Onone";
			};
			name = Debug;
		};
		666944E92330A4FC00B1C62F /* Release */ = {
			isa = XCBuildConfiguration;
			buildSettings = {
				ALWAYS_SEARCH_USER_PATHS = NO;
				CLANG_ANALYZER_NONNULL = YES;
				CLANG_ANALYZER_NUMBER_OBJECT_CONVERSION = YES_AGGRESSIVE;
				CLANG_CXX_LANGUAGE_STANDARD = "gnu++14";
				CLANG_CXX_LIBRARY = "libc++";
				CLANG_ENABLE_MODULES = YES;
				CLANG_ENABLE_OBJC_ARC = YES;
				CLANG_ENABLE_OBJC_WEAK = YES;
				CLANG_WARN_BLOCK_CAPTURE_AUTORELEASING = YES;
				CLANG_WARN_BOOL_CONVERSION = YES;
				CLANG_WARN_COMMA = YES;
				CLANG_WARN_CONSTANT_CONVERSION = YES;
				CLANG_WARN_DEPRECATED_OBJC_IMPLEMENTATIONS = YES;
				CLANG_WARN_DIRECT_OBJC_ISA_USAGE = YES_ERROR;
				CLANG_WARN_DOCUMENTATION_COMMENTS = YES;
				CLANG_WARN_EMPTY_BODY = YES;
				CLANG_WARN_ENUM_CONVERSION = YES;
				CLANG_WARN_INFINITE_RECURSION = YES;
				CLANG_WARN_INT_CONVERSION = YES;
				CLANG_WARN_NON_LITERAL_NULL_CONVERSION = YES;
				CLANG_WARN_OBJC_IMPLICIT_RETAIN_SELF = YES;
				CLANG_WARN_OBJC_LITERAL_CONVERSION = YES;
				CLANG_WARN_OBJC_ROOT_CLASS = YES_ERROR;
				CLANG_WARN_RANGE_LOOP_ANALYSIS = YES;
				CLANG_WARN_STRICT_PROTOTYPES = YES;
				CLANG_WARN_SUSPICIOUS_MOVE = YES;
				CLANG_WARN_UNGUARDED_AVAILABILITY = YES_AGGRESSIVE;
				CLANG_WARN_UNREACHABLE_CODE = YES;
				CLANG_WARN__DUPLICATE_METHOD_MATCH = YES;
				COPY_PHASE_STRIP = NO;
				DEBUG_INFORMATION_FORMAT = "dwarf-with-dsym";
				ENABLE_NS_ASSERTIONS = NO;
				ENABLE_STRICT_OBJC_MSGSEND = YES;
				GCC_C_LANGUAGE_STANDARD = gnu11;
				GCC_NO_COMMON_BLOCKS = YES;
				GCC_WARN_64_TO_32_BIT_CONVERSION = YES;
				GCC_WARN_ABOUT_RETURN_TYPE = YES_ERROR;
				GCC_WARN_UNDECLARED_SELECTOR = YES;
				GCC_WARN_UNINITIALIZED_AUTOS = YES_AGGRESSIVE;
				GCC_WARN_UNUSED_FUNCTION = YES;
				GCC_WARN_UNUSED_VARIABLE = YES;
				IPHONEOS_DEPLOYMENT_TARGET = 13.0;
				MTL_ENABLE_DEBUG_INFO = NO;
				MTL_FAST_MATH = YES;
				SDKROOT = iphoneos;
				SWIFT_COMPILATION_MODE = wholemodule;
				SWIFT_OPTIMIZATION_LEVEL = "-O";
				VALIDATE_PRODUCT = YES;
			};
			name = Release;
		};
		666944EB2330A4FC00B1C62F /* Debug */ = {
			isa = XCBuildConfiguration;
			buildSettings = {
				ASSETCATALOG_COMPILER_APPICON_NAME = AppIcon;
				CODE_SIGN_STYLE = Automatic;
				DEVELOPMENT_TEAM = 55ZK63JM6F;
				INFOPLIST_FILE = WorstCalculatorEver/Info.plist;
				IPHONEOS_DEPLOYMENT_TARGET = 14.0;
				LD_RUNPATH_SEARCH_PATHS = (
					"$(inherited)",
					"@executable_path/Frameworks",
				);
				PRODUCT_BUNDLE_IDENTIFIER = com.singh.ashesh.WorstCalculatorEver;
				PRODUCT_NAME = "$(TARGET_NAME)";
				SWIFT_VERSION = 5.0;
				TARGETED_DEVICE_FAMILY = "1,2";
			};
			name = Debug;
		};
		666944EC2330A4FC00B1C62F /* Release */ = {
			isa = XCBuildConfiguration;
			buildSettings = {
				ASSETCATALOG_COMPILER_APPICON_NAME = AppIcon;
				CODE_SIGN_STYLE = Automatic;
				DEVELOPMENT_TEAM = 55ZK63JM6F;
				INFOPLIST_FILE = WorstCalculatorEver/Info.plist;
				IPHONEOS_DEPLOYMENT_TARGET = 14.0;
				LD_RUNPATH_SEARCH_PATHS = (
					"$(inherited)",
					"@executable_path/Frameworks",
				);
				PRODUCT_BUNDLE_IDENTIFIER = com.singh.ashesh.WorstCalculatorEver;
				PRODUCT_NAME = "$(TARGET_NAME)";
				SWIFT_VERSION = 5.0;
				TARGETED_DEVICE_FAMILY = "1,2";
			};
			name = Release;
		};
/* End XCBuildConfiguration section */

/* Begin XCConfigurationList section */
		666944D12330A4FB00B1C62F /* Build configuration list for PBXProject "WorstCalculatorEver" */ = {
			isa = XCConfigurationList;
			buildConfigurations = (
				666944E82330A4FC00B1C62F /* Debug */,
				666944E92330A4FC00B1C62F /* Release */,
			);
			defaultConfigurationIsVisible = 0;
			defaultConfigurationName = Release;
		};
		666944EA2330A4FC00B1C62F /* Build configuration list for PBXNativeTarget "WorstCalculatorEver" */ = {
			isa = XCConfigurationList;
			buildConfigurations = (
				666944EB2330A4FC00B1C62F /* Debug */,
				666944EC2330A4FC00B1C62F /* Release */,
			);
			defaultConfigurationIsVisible = 0;
			defaultConfigurationName = Release;
		};
/* End XCConfigurationList section */
	};
	rootObject = 666944CE2330A4FB00B1C62F /* Project object */;
}
